PackratFormat: 1.4
PackratVersion: 0.4.1.1
RVersion: 3.1.1
Repos: CRAN=http://cran.cnr.Berkeley.edu

Package: assertthat
Source: CRAN
Version: 0.1
Hash: 4b419cfdc33a3019a7f3c6f0cdea6c38

Package: BH
Source: CRAN
Version: 1.54.0-2
Hash: 56fcf16ca70ccf7378c8289ce1d393a2

Package: bitops
Source: CRAN
Version: 1.0-6
Hash: cb26464a8321628636b547518994c931

Package: caTools
Source: CRAN
Version: 1.17
Hash: e350bf43b27772012b530ccdf2e34f4d
Requires: bitops

Package: DBI
Source: CRAN
Version: 0.3.0
Hash: c9ad68339f7ed9a89574dadad45636fd

Package: devtools
Source: github
Version: 1.5.0.9001
Hash: 5e2a222b045f760fc1b249aeaf14f3d33b76680c
Requires: digest, evaluate, httr, jsonlite, memoise, RCurl, rstudioapi,
    whisker
GithubRepo: devtools
GithubUsername: hadley
GithubRef: master
GithubSha1: 5e2a222b045f760fc1b249aeaf14f3d33b76680c

Package: digest
Source: CRAN
Version: 0.6.4
Hash: e4bf0e79b15a352510aff0de905d31e2

Package: dplyr
Source: CRAN
Version: 0.3.0.2
Hash: 232a56d9d7c02a72eb3d7ce58952fda6
Requires: assertthat, BH, DBI, lazyeval, magrittr, R6, Rcpp

Package: evaluate
Source: CRAN
Version: 0.5.5
Hash: 20881970e590ee68de97a468694db7b0
Requires: stringr

Package: formatR
Source: CRAN
Version: 1.0
Hash: a90c211d7df7e61a72b8ab6c99c2e848

Package: highr
Source: CRAN
Version: 0.3
Hash: 7c85a9b7d07a75e2d8ca74f9467fee21

Package: htmltools
Source: CRAN
Version: 0.2.4
Hash: 88df1d8bc3728256408aab4d416959d1
Requires: digest

Package: httr
Source: CRAN
Version: 0.5
Hash: 68a70bdd16fb949a12e4fda7f31def00
Requires: digest, jsonlite, RCurl, stringr

Package: jsonlite
Source: CRAN
Version: 0.9.11
Hash: 9eda817b04b4253e3dc1ba685b0bd612

Package: knitr
Source: CRAN
Version: 1.7
Hash: bd0594da1e7e8e3a9c8de51804083081
Requires: digest, evaluate, highr, stringr, formatR, markdown

Package: lazyeval
Source: CRAN
Version: 0.1.9
Hash: 2953778d951973e2889641c06275ecf3

Package: lubridate
Source: CRAN
Version: 1.3.3
Hash: f19612b23b1b15febdf30ee920a6e7df
Requires: memoise, plyr, stringr

Package: magrittr
Source: CRAN
Version: 1.0.1
Hash: 576e5bf21e3801499cebc27af6ad1627

Package: markdown
Source: CRAN
Version: 0.7.4
Hash: 2d7ac0461e09fc811d96ac4ffb6584ba
Requires: mime

Package: memoise
Source: CRAN
Version: 0.2.1
Hash: fc52fa39dfd216c44d64812ff31b1c67
Requires: digest

Package: mime
Source: CRAN
Version: 0.1.1
Hash: 28ee6ae37bab73846b0a6cc44e797069

Package: packrat
Source: CRAN
Version: 0.4.1-1
Hash: 5716097644904b9c1b4be2692de16005

Package: plyr
Source: CRAN
Version: 1.8.1
Hash: be21bad411e628f810a92212e17b5be7
Requires: Rcpp

Package: R6
Source: CRAN
Version: 2.0
Hash: a7fd0cf10401cde9177f1a685f72d15a

Package: Rcpp
Source: CRAN
Version: 0.11.2
Hash: ef2b1a5e45d1461bd720e4ebbe48e601

Package: RCurl
Source: CRAN
Version: 1.95-4.3
Hash: 158377109f939084a72f240125f821d3
Requires: bitops

Package: rmarkdown
Source: github
Version: 0.3.1
Hash: bdc083a13548f74ca23373cbd47119f3b9b0305c
Requires: caTools, htmltools, yaml, knitr
GithubRepo: rmarkdown
GithubUsername: rstudio
GithubRef: master
GithubSha1: bdc083a13548f74ca23373cbd47119f3b9b0305c

Package: rstudioapi
Source: CRAN
Version: 0.1
Hash: 5bd4449a873ec652a05c932312dcf04b

Package: stringr
Source: CRAN
Version: 0.6.2
Hash: cdde0cfa0f52cffeaca23a11a3899779

Package: whisker
Source: CRAN
Version: 0.3-2
Hash: 186ab2937fec1694c8a63009a2389c4e

Package: yaml
Source: CRAN
Version: 2.1.13
Hash: e5d041c001f6d641fd009c1f6ef7d831
